
Microsoft Visual Studio Solution File, Format Version 12.00
# Visual Studio Version 17
VisualStudioVersion = 17.11.35222.181
MinimumVisualStudioVersion = 10.0.40219.1
Project("{FAE04EC0-301F-11D3-BF4B-00C04F79EFBC}") = "ExerciciPractic1", "ExerciciPractic1\ExerciciPractic1.csproj", "{37D5BFE1-3794-4E65-A19F-7B8B2646FA59}"
EndProject
Global
	GlobalSection(SolutionConfigurationPlatforms) = preSolution
		Debug|Any CPU = Debug|Any CPU
		Release|Any CPU = Release|Any CPU
	EndGlobalSection
	GlobalSection(ProjectConfigurationPlatforms) = postSolution
		{37D5BFE1-3794-4E65-A19F-7B8B2646FA59}.Debug|Any CPU.ActiveCfg = Debug|Any CPU
		{37D5BFE1-3794-4E65-A19F-7B8B2646FA59}.Debug|Any CPU.Build.0 = Debug|Any CPU
		{37D5BFE1-3794-4E65-A19F-7B8B2646FA59}.Release|Any CPU.ActiveCfg = Release|Any CPU
		{37D5BFE1-3794-4E65-A19F-7B8B2646FA59}.Release|Any CPU.Build.0 = Release|Any CPU
	EndGlobalSection
	GlobalSection(SolutionProperties) = preSolution
		HideSolutionNode = FALSE
	EndGlobalSection
	GlobalSection(ExtensibilityGlobals) = postSolution
		SolutionGuid = {C31A0F93-80D2-4F84-901C-F3CF6D4E77A5}
	EndGlobalSection
EndGlobal
