
Microsoft Visual Studio Solution File, Format Version 12.00
# Visual Studio Version 17
VisualStudioVersion = 17.11.35222.181
MinimumVisualStudioVersion = 10.0.40219.1
Project("{FAE04EC0-301F-11D3-BF4B-00C04F79EFBC}") = "ExerciciGuiat8", "ExerciciGuiat8\ExerciciGuiat8.csproj", "{C666304D-5449-4E4A-9AC4-863A2E299FE1}"
EndProject
Global
	GlobalSection(SolutionConfigurationPlatforms) = preSolution
		Debug|Any CPU = Debug|Any CPU
		Release|Any CPU = Release|Any CPU
	EndGlobalSection
	GlobalSection(ProjectConfigurationPlatforms) = postSolution
		{C666304D-5449-4E4A-9AC4-863A2E299FE1}.Debug|Any CPU.ActiveCfg = Debug|Any CPU
		{C666304D-5449-4E4A-9AC4-863A2E299FE1}.Debug|Any CPU.Build.0 = Debug|Any CPU
		{C666304D-5449-4E4A-9AC4-863A2E299FE1}.Release|Any CPU.ActiveCfg = Release|Any CPU
		{C666304D-5449-4E4A-9AC4-863A2E299FE1}.Release|Any CPU.Build.0 = Release|Any CPU
	EndGlobalSection
	GlobalSection(SolutionProperties) = preSolution
		HideSolutionNode = FALSE
	EndGlobalSection
	GlobalSection(ExtensibilityGlobals) = postSolution
		SolutionGuid = {6D971953-35B7-4EE3-B99D-AE6EF883393D}
	EndGlobalSection
EndGlobal
