
Microsoft Visual Studio Solution File, Format Version 12.00
# Visual Studio Version 17
VisualStudioVersion = 17.11.35222.181
MinimumVisualStudioVersion = 10.0.40219.1
Project("{FAE04EC0-301F-11D3-BF4B-00C04F79EFBC}") = "ExerciciGuiat7", "ExerciciGuiat7\ExerciciGuiat7.csproj", "{06EB802F-0715-47BF-A2F5-AF43AFF75CB7}"
EndProject
Global
	GlobalSection(SolutionConfigurationPlatforms) = preSolution
		Debug|Any CPU = Debug|Any CPU
		Release|Any CPU = Release|Any CPU
	EndGlobalSection
	GlobalSection(ProjectConfigurationPlatforms) = postSolution
		{06EB802F-0715-47BF-A2F5-AF43AFF75CB7}.Debug|Any CPU.ActiveCfg = Debug|Any CPU
		{06EB802F-0715-47BF-A2F5-AF43AFF75CB7}.Debug|Any CPU.Build.0 = Debug|Any CPU
		{06EB802F-0715-47BF-A2F5-AF43AFF75CB7}.Release|Any CPU.ActiveCfg = Release|Any CPU
		{06EB802F-0715-47BF-A2F5-AF43AFF75CB7}.Release|Any CPU.Build.0 = Release|Any CPU
	EndGlobalSection
	GlobalSection(SolutionProperties) = preSolution
		HideSolutionNode = FALSE
	EndGlobalSection
	GlobalSection(ExtensibilityGlobals) = postSolution
		SolutionGuid = {3613BAB6-689E-494E-87D3-378EB754C7A0}
	EndGlobalSection
EndGlobal
